// !$*UTF8*$!
{
	archiveVersion = 1;
	classes = {
	};
	objectVersion = 50;
	objects = {

/* Begin PBXBuildFile section */
		5B51E84427287E0B004FBCFD /* UsedGames+Formatter.swift in Sources */ = {isa = PBXBuildFile; fileRef = 5B51E84327287E0B004FBCFD /* UsedGames+Formatter.swift */; };
		5B51E854273947B40082E7A8 /* Colors.xcassets in Resources */ = {isa = PBXBuildFile; fileRef = 5B51E853273947B40082E7A8 /* Colors.xcassets */; };
		5B51E85627394A810082E7A8 /* Color+UsedGames.swift in Sources */ = {isa = PBXBuildFile; fileRef = 5B51E85527394A810082E7A8 /* Color+UsedGames.swift */; };
		5B51E8582739516D0082E7A8 /* GameListItem.swift in Sources */ = {isa = PBXBuildFile; fileRef = 5B51E8572739516D0082E7A8 /* GameListItem.swift */; };
		5B6DD61B273AD3C100DDA7CF /* DetailView.swift in Sources */ = {isa = PBXBuildFile; fileRef = 5B6DD61A273AD3C100DDA7CF /* DetailView.swift */; };
		5B6E7F0427274FE100EE32EE /* GameStore.swift in Sources */ = {isa = PBXBuildFile; fileRef = 5B6E7F0327274FE100EE32EE /* GameStore.swift */; };
		5BA4F4D22725E035004A893B /* UsedGamesApp.swift in Sources */ = {isa = PBXBuildFile; fileRef = 5BA4F4D12725E035004A893B /* UsedGamesApp.swift */; };
		5BA4F4D42725E035004A893B /* ContentView.swift in Sources */ = {isa = PBXBuildFile; fileRef = 5BA4F4D32725E035004A893B /* ContentView.swift */; };
		5BA4F4D62725E037004A893B /* Assets.xcassets in Resources */ = {isa = PBXBuildFile; fileRef = 5BA4F4D52725E037004A893B /* Assets.xcassets */; };
		5BA4F4D92725E037004A893B /* Preview Assets.xcassets in Resources */ = {isa = PBXBuildFile; fileRef = 5BA4F4D82725E037004A893B /* Preview Assets.xcassets */; };
		5BA4F4E42725E037004A893B /* UsedGamesTests.swift in Sources */ = {isa = PBXBuildFile; fileRef = 5BA4F4E32725E037004A893B /* UsedGamesTests.swift */; };
		5BA4F4EF2725E037004A893B /* UsedGamesUITests.swift in Sources */ = {isa = PBXBuildFile; fileRef = 5BA4F4EE2725E037004A893B /* UsedGamesUITests.swift */; };
		5BA4F4FD2725E3BD004A893B /* Game.swift in Sources */ = {isa = PBXBuildFile; fileRef = 5BA4F4FC2725E3BD004A893B /* Game.swift */; };
/* End PBXBuildFile section */

/* Begin PBXContainerItemProxy section */
		5BA4F4E02725E037004A893B /* PBXContainerItemProxy */ = {
			isa = PBXContainerItemProxy;
			containerPortal = 5BA4F4C62725E035004A893B /* Project object */;
			proxyType = 1;
			remoteGlobalIDString = 5BA4F4CD2725E035004A893B;
			remoteInfo = UsedGames;
		};
		5BA4F4EB2725E037004A893B /* PBXContainerItemProxy */ = {
			isa = PBXContainerItemProxy;
			containerPortal = 5BA4F4C62725E035004A893B /* Project object */;
			proxyType = 1;
			remoteGlobalIDString = 5BA4F4CD2725E035004A893B;
			remoteInfo = UsedGames;
		};
/* End PBXContainerItemProxy section */

/* Begin PBXFileReference section */
		5B51E84327287E0B004FBCFD /* UsedGames+Formatter.swift */ = {isa = PBXFileReference; lastKnownFileType = sourcecode.swift; path = "UsedGames+Formatter.swift"; sourceTree = "<group>"; };
		5B51E853273947B40082E7A8 /* Colors.xcassets */ = {isa = PBXFileReference; lastKnownFileType = folder.assetcatalog; path = Colors.xcassets; sourceTree = "<group>"; };
		5B51E85527394A810082E7A8 /* Color+UsedGames.swift */ = {isa = PBXFileReference; lastKnownFileType = sourcecode.swift; path = "Color+UsedGames.swift"; sourceTree = "<group>"; };
		5B51E8572739516D0082E7A8 /* GameListItem.swift */ = {isa = PBXFileReference; lastKnownFileType = sourcecode.swift; path = GameListItem.swift; sourceTree = "<group>"; };
		5B6DD61A273AD3C100DDA7CF /* DetailView.swift */ = {isa = PBXFileReference; lastKnownFileType = sourcecode.swift; path = DetailView.swift; sourceTree = "<group>"; };
		5B6E7F0327274FE100EE32EE /* GameStore.swift */ = {isa = PBXFileReference; lastKnownFileType = sourcecode.swift; path = GameStore.swift; sourceTree = "<group>"; };
		5BA4F4CE2725E035004A893B /* UsedGames.app */ = {isa = PBXFileReference; explicitFileType = wrapper.application; includeInIndex = 0; path = UsedGames.app; sourceTree = BUILT_PRODUCTS_DIR; };
		5BA4F4D12725E035004A893B /* UsedGamesApp.swift */ = {isa = PBXFileReference; lastKnownFileType = sourcecode.swift; path = UsedGamesApp.swift; sourceTree = "<group>"; };
		5BA4F4D32725E035004A893B /* ContentView.swift */ = {isa = PBXFileReference; lastKnownFileType = sourcecode.swift; path = ContentView.swift; sourceTree = "<group>"; };
		5BA4F4D52725E037004A893B /* Assets.xcassets */ = {isa = PBXFileReference; lastKnownFileType = folder.assetcatalog; path = Assets.xcassets; sourceTree = "<group>"; };
		5BA4F4D82725E037004A893B /* Preview Assets.xcassets */ = {isa = PBXFileReference; lastKnownFileType = folder.assetcatalog; path = "Preview Assets.xcassets"; sourceTree = "<group>"; };
		5BA4F4DA2725E037004A893B /* Info.plist */ = {isa = PBXFileReference; lastKnownFileType = text.plist.xml; path = Info.plist; sourceTree = "<group>"; };
		5BA4F4DF2725E037004A893B /* UsedGamesTests.xctest */ = {isa = PBXFileReference; explicitFileType = wrapper.cfbundle; includeInIndex = 0; path = UsedGamesTests.xctest; sourceTree = BUILT_PRODUCTS_DIR; };
		5BA4F4E32725E037004A893B /* UsedGamesTests.swift */ = {isa = PBXFileReference; lastKnownFileType = sourcecode.swift; path = UsedGamesTests.swift; sourceTree = "<group>"; };
		5BA4F4E52725E037004A893B /* Info.plist */ = {isa = PBXFileReference; lastKnownFileType = text.plist.xml; path = Info.plist; sourceTree = "<group>"; };
		5BA4F4EA2725E037004A893B /* UsedGamesUITests.xctest */ = {isa = PBXFileReference; explicitFileType = wrapper.cfbundle; includeInIndex = 0; path = UsedGamesUITests.xctest; sourceTree = BUILT_PRODUCTS_DIR; };
		5BA4F4EE2725E037004A893B /* UsedGamesUITests.swift */ = {isa = PBXFileReference; lastKnownFileType = sourcecode.swift; path = UsedGamesUITests.swift; sourceTree = "<group>"; };
		5BA4F4F02725E037004A893B /* Info.plist */ = {isa = PBXFileReference; lastKnownFileType = text.plist.xml; path = Info.plist; sourceTree = "<group>"; };
		5BA4F4FC2725E3BD004A893B /* Game.swift */ = {isa = PBXFileReference; lastKnownFileType = sourcecode.swift; path = Game.swift; sourceTree = "<group>"; };
/* End PBXFileReference section */

/* Begin PBXFrameworksBuildPhase section */
		5BA4F4CB2725E035004A893B /* Frameworks */ = {
			isa = PBXFrameworksBuildPhase;
			buildActionMask = 2147483647;
			files = (
			);
			runOnlyForDeploymentPostprocessing = 0;
		};
		5BA4F4DC2725E037004A893B /* Frameworks */ = {
			isa = PBXFrameworksBuildPhase;
			buildActionMask = 2147483647;
			files = (
			);
			runOnlyForDeploymentPostprocessing = 0;
		};
		5BA4F4E72725E037004A893B /* Frameworks */ = {
			isa = PBXFrameworksBuildPhase;
			buildActionMask = 2147483647;
			files = (
			);
			runOnlyForDeploymentPostprocessing = 0;
		};
/* End PBXFrameworksBuildPhase section */

/* Begin PBXGroup section */
		5BA4F4C52725E035004A893B = {
			isa = PBXGroup;
			children = (
				5BA4F4D02725E035004A893B /* UsedGames */,
				5BA4F4E22725E037004A893B /* UsedGamesTests */,
				5BA4F4ED2725E037004A893B /* UsedGamesUITests */,
				5BA4F4CF2725E035004A893B /* Products */,
			);
			sourceTree = "<group>";
		};
		5BA4F4CF2725E035004A893B /* Products */ = {
			isa = PBXGroup;
			children = (
				5BA4F4CE2725E035004A893B /* UsedGames.app */,
				5BA4F4DF2725E037004A893B /* UsedGamesTests.xctest */,
				5BA4F4EA2725E037004A893B /* UsedGamesUITests.xctest */,
			);
			name = Products;
			sourceTree = "<group>";
		};
		5BA4F4D02725E035004A893B /* UsedGames */ = {
			isa = PBXGroup;
			children = (
				5BA4F4D12725E035004A893B /* UsedGamesApp.swift */,
				5BA4F4D32725E035004A893B /* ContentView.swift */,
				5B6DD61A273AD3C100DDA7CF /* DetailView.swift */,
				5B51E84327287E0B004FBCFD /* UsedGames+Formatter.swift */,
				5BA4F4FC2725E3BD004A893B /* Game.swift */,
				5B6E7F0327274FE100EE32EE /* GameStore.swift */,
				5B51E853273947B40082E7A8 /* Colors.xcassets */,
				5BA4F4D52725E037004A893B /* Assets.xcassets */,
				5BA4F4DA2725E037004A893B /* Info.plist */,
				5BA4F4D72725E037004A893B /* Preview Content */,
				5B51E85527394A810082E7A8 /* Color+UsedGames.swift */,
				5B51E8572739516D0082E7A8 /* GameListItem.swift */,
			);
			path = UsedGames;
			sourceTree = "<group>";
		};
		5BA4F4D72725E037004A893B /* Preview Content */ = {
			isa = PBXGroup;
			children = (
				5BA4F4D82725E037004A893B /* Preview Assets.xcassets */,
			);
			path = "Preview Content";
			sourceTree = "<group>";
		};
		5BA4F4E22725E037004A893B /* UsedGamesTests */ = {
			isa = PBXGroup;
			children = (
				5BA4F4E32725E037004A893B /* UsedGamesTests.swift */,
				5BA4F4E52725E037004A893B /* Info.plist */,
			);
			path = UsedGamesTests;
			sourceTree = "<group>";
		};
		5BA4F4ED2725E037004A893B /* UsedGamesUITests */ = {
			isa = PBXGroup;
			children = (
				5BA4F4EE2725E037004A893B /* UsedGamesUITests.swift */,
				5BA4F4F02725E037004A893B /* Info.plist */,
			);
			path = UsedGamesUITests;
			sourceTree = "<group>";
		};
/* End PBXGroup section */

/* Begin PBXNativeTarget section */
		5BA4F4CD2725E035004A893B /* UsedGames */ = {
			isa = PBXNativeTarget;
			buildConfigurationList = 5BA4F4F32725E037004A893B /* Build configuration list for PBXNativeTarget "UsedGames" */;
			buildPhases = (
				5BA4F4CA2725E035004A893B /* Sources */,
				5BA4F4CB2725E035004A893B /* Frameworks */,
				5BA4F4CC2725E035004A893B /* Resources */,
			);
			buildRules = (
			);
			dependencies = (
			);
			name = UsedGames;
			productName = UsedGames;
			productReference = 5BA4F4CE2725E035004A893B /* UsedGames.app */;
			productType = "com.apple.product-type.application";
		};
		5BA4F4DE2725E037004A893B /* UsedGamesTests */ = {
			isa = PBXNativeTarget;
			buildConfigurationList = 5BA4F4F62725E037004A893B /* Build configuration list for PBXNativeTarget "UsedGamesTests" */;
			buildPhases = (
				5BA4F4DB2725E037004A893B /* Sources */,
				5BA4F4DC2725E037004A893B /* Frameworks */,
				5BA4F4DD2725E037004A893B /* Resources */,
			);
			buildRules = (
			);
			dependencies = (
				5BA4F4E12725E037004A893B /* PBXTargetDependency */,
			);
			name = UsedGamesTests;
			productName = UsedGamesTests;
			productReference = 5BA4F4DF2725E037004A893B /* UsedGamesTests.xctest */;
			productType = "com.apple.product-type.bundle.unit-test";
		};
		5BA4F4E92725E037004A893B /* UsedGamesUITests */ = {
			isa = PBXNativeTarget;
			buildConfigurationList = 5BA4F4F92725E037004A893B /* Build configuration list for PBXNativeTarget "UsedGamesUITests" */;
			buildPhases = (
				5BA4F4E62725E037004A893B /* Sources */,
				5BA4F4E72725E037004A893B /* Frameworks */,
				5BA4F4E82725E037004A893B /* Resources */,
			);
			buildRules = (
			);
			dependencies = (
				5BA4F4EC2725E037004A893B /* PBXTargetDependency */,
			);
			name = UsedGamesUITests;
			productName = UsedGamesUITests;
			productReference = 5BA4F4EA2725E037004A893B /* UsedGamesUITests.xctest */;
			productType = "com.apple.product-type.bundle.ui-testing";
		};
/* End PBXNativeTarget section */

/* Begin PBXProject section */
		5BA4F4C62725E035004A893B /* Project object */ = {
			isa = PBXProject;
			attributes = {
				LastSwiftUpdateCheck = 1250;
				LastUpgradeCheck = 1250;
				TargetAttributes = {
					5BA4F4CD2725E035004A893B = {
						CreatedOnToolsVersion = 12.5.1;
					};
					5BA4F4DE2725E037004A893B = {
						CreatedOnToolsVersion = 12.5.1;
						TestTargetID = 5BA4F4CD2725E035004A893B;
					};
					5BA4F4E92725E037004A893B = {
						CreatedOnToolsVersion = 12.5.1;
						TestTargetID = 5BA4F4CD2725E035004A893B;
					};
				};
			};
			buildConfigurationList = 5BA4F4C92725E035004A893B /* Build configuration list for PBXProject "UsedGames" */;
			compatibilityVersion = "Xcode 9.3";
			developmentRegion = en;
			hasScannedForEncodings = 0;
			knownRegions = (
				en,
				Base,
			);
			mainGroup = 5BA4F4C52725E035004A893B;
			productRefGroup = 5BA4F4CF2725E035004A893B /* Products */;
			projectDirPath = "";
			projectRoot = "";
			targets = (
				5BA4F4CD2725E035004A893B /* UsedGames */,
				5BA4F4DE2725E037004A893B /* UsedGamesTests */,
				5BA4F4E92725E037004A893B /* UsedGamesUITests */,
			);
		};
/* End PBXProject section */

/* Begin PBXResourcesBuildPhase section */
		5BA4F4CC2725E035004A893B /* Resources */ = {
			isa = PBXResourcesBuildPhase;
			buildActionMask = 2147483647;
			files = (
				5B51E854273947B40082E7A8 /* Colors.xcassets in Resources */,
				5BA4F4D92725E037004A893B /* Preview Assets.xcassets in Resources */,
				5BA4F4D62725E037004A893B /* Assets.xcassets in Resources */,
			);
			runOnlyForDeploymentPostprocessing = 0;
		};
		5BA4F4DD2725E037004A893B /* Resources */ = {
			isa = PBXResourcesBuildPhase;
			buildActionMask = 2147483647;
			files = (
			);
			runOnlyForDeploymentPostprocessing = 0;
		};
		5BA4F4E82725E037004A893B /* Resources */ = {
			isa = PBXResourcesBuildPhase;
			buildActionMask = 2147483647;
			files = (
			);
			runOnlyForDeploymentPostprocessing = 0;
		};
/* End PBXResourcesBuildPhase section */

/* Begin PBXSourcesBuildPhase section */
		5BA4F4CA2725E035004A893B /* Sources */ = {
			isa = PBXSourcesBuildPhase;
			buildActionMask = 2147483647;
			files = (
				5BA4F4D42725E035004A893B /* ContentView.swift in Sources */,
				5B6DD61B273AD3C100DDA7CF /* DetailView.swift in Sources */,
				5B6E7F0427274FE100EE32EE /* GameStore.swift in Sources */,
				5B51E8582739516D0082E7A8 /* GameListItem.swift in Sources */,
				5B51E85627394A810082E7A8 /* Color+UsedGames.swift in Sources */,
				5B51E84427287E0B004FBCFD /* UsedGames+Formatter.swift in Sources */,
				5BA4F4FD2725E3BD004A893B /* Game.swift in Sources */,
				5BA4F4D22725E035004A893B /* UsedGamesApp.swift in Sources */,
			);
			runOnlyForDeploymentPostprocessing = 0;
		};
		5BA4F4DB2725E037004A893B /* Sources */ = {
			isa = PBXSourcesBuildPhase;
			buildActionMask = 2147483647;
			files = (
				5BA4F4E42725E037004A893B /* UsedGamesTests.swift in Sources */,
			);
			runOnlyForDeploymentPostprocessing = 0;
		};
		5BA4F4E62725E037004A893B /* Sources */ = {
			isa = PBXSourcesBuildPhase;
			buildActionMask = 2147483647;
			files = (
				5BA4F4EF2725E037004A893B /* UsedGamesUITests.swift in Sources */,
			);
			runOnlyForDeploymentPostprocessing = 0;
		};
/* End PBXSourcesBuildPhase section */

/* Begin PBXTargetDependency section */
		5BA4F4E12725E037004A893B /* PBXTargetDependency */ = {
			isa = PBXTargetDependency;
			target = 5BA4F4CD2725E035004A893B /* UsedGames */;
			targetProxy = 5BA4F4E02725E037004A893B /* PBXContainerItemProxy */;
		};
		5BA4F4EC2725E037004A893B /* PBXTargetDependency */ = {
			isa = PBXTargetDependency;
			target = 5BA4F4CD2725E035004A893B /* UsedGames */;
			targetProxy = 5BA4F4EB2725E037004A893B /* PBXContainerItemProxy */;
		};
/* End PBXTargetDependency section */

/* Begin XCBuildConfiguration section */
		5BA4F4F12725E037004A893B /* Debug */ = {
			isa = XCBuildConfiguration;
			buildSettings = {
				ALWAYS_SEARCH_USER_PATHS = NO;
				CLANG_ANALYZER_NONNULL = YES;
				CLANG_ANALYZER_NUMBER_OBJECT_CONVERSION = YES_AGGRESSIVE;
				CLANG_CXX_LANGUAGE_STANDARD = "gnu++14";
				CLANG_CXX_LIBRARY = "libc++";
				CLANG_ENABLE_MODULES = YES;
				CLANG_ENABLE_OBJC_ARC = YES;
				CLANG_ENABLE_OBJC_WEAK = YES;
				CLANG_WARN_BLOCK_CAPTURE_AUTORELEASING = YES;
				CLANG_WARN_BOOL_CONVERSION = YES;
				CLANG_WARN_COMMA = YES;
				CLANG_WARN_CONSTANT_CONVERSION = YES;
				CLANG_WARN_DEPRECATED_OBJC_IMPLEMENTATIONS = YES;
				CLANG_WARN_DIRECT_OBJC_ISA_USAGE = YES_ERROR;
				CLANG_WARN_DOCUMENTATION_COMMENTS = YES;
				CLANG_WARN_EMPTY_BODY = YES;
				CLANG_WARN_ENUM_CONVERSION = YES;
				CLANG_WARN_INFINITE_RECURSION = YES;
				CLANG_WARN_INT_CONVERSION = YES;
				CLANG_WARN_NON_LITERAL_NULL_CONVERSION = YES;
				CLANG_WARN_OBJC_IMPLICIT_RETAIN_SELF = YES;
				CLANG_WARN_OBJC_LITERAL_CONVERSION = YES;
				CLANG_WARN_OBJC_ROOT_CLASS = YES_ERROR;
				CLANG_WARN_QUOTED_INCLUDE_IN_FRAMEWORK_HEADER = YES;
				CLANG_WARN_RANGE_LOOP_ANALYSIS = YES;
				CLANG_WARN_STRICT_PROTOTYPES = YES;
				CLANG_WARN_SUSPICIOUS_MOVE = YES;
				CLANG_WARN_UNGUARDED_AVAILABILITY = YES_AGGRESSIVE;
				CLANG_WARN_UNREACHABLE_CODE = YES;
				CLANG_WARN__DUPLICATE_METHOD_MATCH = YES;
				COPY_PHASE_STRIP = NO;
				DEBUG_INFORMATION_FORMAT = dwarf;
				ENABLE_STRICT_OBJC_MSGSEND = YES;
				ENABLE_TESTABILITY = YES;
				GCC_C_LANGUAGE_STANDARD = gnu11;
				GCC_DYNAMIC_NO_PIC = NO;
				GCC_NO_COMMON_BLOCKS = YES;
				GCC_OPTIMIZATION_LEVEL = 0;
				GCC_PREPROCESSOR_DEFINITIONS = (
					"DEBUG=1",
					"$(inherited)",
				);
				GCC_WARN_64_TO_32_BIT_CONVERSION = YES;
				GCC_WARN_ABOUT_RETURN_TYPE = YES_ERROR;
				GCC_WARN_UNDECLARED_SELECTOR = YES;
				GCC_WARN_UNINITIALIZED_AUTOS = YES_AGGRESSIVE;
				GCC_WARN_UNUSED_FUNCTION = YES;
				GCC_WARN_UNUSED_VARIABLE = YES;
				IPHONEOS_DEPLOYMENT_TARGET = 14.5;
				MTL_ENABLE_DEBUG_INFO = INCLUDE_SOURCE;
				MTL_FAST_MATH = YES;
				ONLY_ACTIVE_ARCH = YES;
				SDKROOT = iphoneos;
				SWIFT_ACTIVE_COMPILATION_CONDITIONS = DEBUG;
				SWIFT_OPTIMIZATION_LEVEL = "-Onone";
			};
			name = Debug;
		};
		5BA4F4F22725E037004A893B /* Release */ = {
			isa = XCBuildConfiguration;
			buildSettings = {
				ALWAYS_SEARCH_USER_PATHS = NO;
				CLANG_ANALYZER_NONNULL = YES;
				CLANG_ANALYZER_NUMBER_OBJECT_CONVERSION = YES_AGGRESSIVE;
				CLANG_CXX_LANGUAGE_STANDARD = "gnu++14";
				CLANG_CXX_LIBRARY = "libc++";
				CLANG_ENABLE_MODULES = YES;
				CLANG_ENABLE_OBJC_ARC = YES;
				CLANG_ENABLE_OBJC_WEAK = YES;
				CLANG_WARN_BLOCK_CAPTURE_AUTORELEASING = YES;
				CLANG_WARN_BOOL_CONVERSION = YES;
				CLANG_WARN_COMMA = YES;
				CLANG_WARN_CONSTANT_CONVERSION = YES;
				CLANG_WARN_DEPRECATED_OBJC_IMPLEMENTATIONS = YES;
				CLANG_WARN_DIRECT_OBJC_ISA_USAGE = YES_ERROR;
				CLANG_WARN_DOCUMENTATION_COMMENTS = YES;
				CLANG_WARN_EMPTY_BODY = YES;
				CLANG_WARN_ENUM_CONVERSION = YES;
				CLANG_WARN_INFINITE_RECURSION = YES;
				CLANG_WARN_INT_CONVERSION = YES;
				CLANG_WARN_NON_LITERAL_NULL_CONVERSION = YES;
				CLANG_WARN_OBJC_IMPLICIT_RETAIN_SELF = YES;
				CLANG_WARN_OBJC_LITERAL_CONVERSION = YES;
				CLANG_WARN_OBJC_ROOT_CLASS = YES_ERROR;
				CLANG_WARN_QUOTED_INCLUDE_IN_FRAMEWORK_HEADER = YES;
				CLANG_WARN_RANGE_LOOP_ANALYSIS = YES;
				CLANG_WARN_STRICT_PROTOTYPES = YES;
				CLANG_WARN_SUSPICIOUS_MOVE = YES;
				CLANG_WARN_UNGUARDED_AVAILABILITY = YES_AGGRESSIVE;
				CLANG_WARN_UNREACHABLE_CODE = YES;
				CLANG_WARN__DUPLICATE_METHOD_MATCH = YES;
				COPY_PHASE_STRIP = NO;
				DEBUG_INFORMATION_FORMAT = "dwarf-with-dsym";
				ENABLE_NS_ASSERTIONS = NO;
				ENABLE_STRICT_OBJC_MSGSEND = YES;
				GCC_C_LANGUAGE_STANDARD = gnu11;
				GCC_NO_COMMON_BLOCKS = YES;
				GCC_WARN_64_TO_32_BIT_CONVERSION = YES;
				GCC_WARN_ABOUT_RETURN_TYPE = YES_ERROR;
				GCC_WARN_UNDECLARED_SELECTOR = YES;
				GCC_WARN_UNINITIALIZED_AUTOS = YES_AGGRESSIVE;
				GCC_WARN_UNUSED_FUNCTION = YES;
				GCC_WARN_UNUSED_VARIABLE = YES;
				IPHONEOS_DEPLOYMENT_TARGET = 14.5;
				MTL_ENABLE_DEBUG_INFO = NO;
				MTL_FAST_MATH = YES;
				SDKROOT = iphoneos;
				SWIFT_COMPILATION_MODE = wholemodule;
				SWIFT_OPTIMIZATION_LEVEL = "-O";
				VALIDATE_PRODUCT = YES;
			};
			name = Release;
		};
		5BA4F4F42725E037004A893B /* Debug */ = {
			isa = XCBuildConfiguration;
			buildSettings = {
				ASSETCATALOG_COMPILER_APPICON_NAME = AppIcon;
				ASSETCATALOG_COMPILER_GLOBAL_ACCENT_COLOR_NAME = AccentColor;
				CODE_SIGN_STYLE = Automatic;
				DEVELOPMENT_ASSET_PATHS = "\"UsedGames/Preview Content\"";
				DEVELOPMENT_TEAM = 4SJ82Z4WX2;
				ENABLE_PREVIEWS = YES;
				INFOPLIST_FILE = UsedGames/Info.plist;
				IPHONEOS_DEPLOYMENT_TARGET = 14.0;
				LD_RUNPATH_SEARCH_PATHS = (
					"$(inherited)",
					"@executable_path/Frameworks",
				);
				PRODUCT_BUNDLE_IDENTIFIER = brtyvz.UsedGames;
				PRODUCT_NAME = "$(TARGET_NAME)";
				SWIFT_VERSION = 5.0;
				TARGETED_DEVICE_FAMILY = "1,2";
			};
			name = Debug;
		};
		5BA4F4F52725E037004A893B /* Release */ = {
			isa = XCBuildConfiguration;
			buildSettings = {
				ASSETCATALOG_COMPILER_APPICON_NAME = AppIcon;
				ASSETCATALOG_COMPILER_GLOBAL_ACCENT_COLOR_NAME = AccentColor;
				CODE_SIGN_STYLE = Automatic;
				DEVELOPMENT_ASSET_PATHS = "\"UsedGames/Preview Content\"";
				DEVELOPMENT_TEAM = 4SJ82Z4WX2;
				ENABLE_PREVIEWS = YES;
				INFOPLIST_FILE = UsedGames/Info.plist;
				IPHONEOS_DEPLOYMENT_TARGET = 14.0;
				LD_RUNPATH_SEARCH_PATHS = (
					"$(inherited)",
					"@executable_path/Frameworks",
				);
				PRODUCT_BUNDLE_IDENTIFIER = brtyvz.UsedGames;
				PRODUCT_NAME = "$(TARGET_NAME)";
				SWIFT_VERSION = 5.0;
				TARGETED_DEVICE_FAMILY = "1,2";
			};
			name = Release;
		};
		5BA4F4F72725E037004A893B /* Debug */ = {
			isa = XCBuildConfiguration;
			buildSettings = {
				ALWAYS_EMBED_SWIFT_STANDARD_LIBRARIES = YES;
				BUNDLE_LOADER = "$(TEST_HOST)";
				CODE_SIGN_STYLE = Automatic;
				DEVELOPMENT_TEAM = 4SJ82Z4WX2;
				INFOPLIST_FILE = UsedGamesTests/Info.plist;
				IPHONEOS_DEPLOYMENT_TARGET = 14.0;
				LD_RUNPATH_SEARCH_PATHS = (
					"$(inherited)",
					"@executable_path/Frameworks",
					"@loader_path/Frameworks",
				);
				PRODUCT_BUNDLE_IDENTIFIER = brtyvz.UsedGamesTests;
				PRODUCT_NAME = "$(TARGET_NAME)";
				SWIFT_VERSION = 5.0;
				TARGETED_DEVICE_FAMILY = "1,2";
				TEST_HOST = "$(BUILT_PRODUCTS_DIR)/UsedGames.app/UsedGames";
			};
			name = Debug;
		};
		5BA4F4F82725E037004A893B /* Release */ = {
			isa = XCBuildConfiguration;
			buildSettings = {
				ALWAYS_EMBED_SWIFT_STANDARD_LIBRARIES = YES;
				BUNDLE_LOADER = "$(TEST_HOST)";
				CODE_SIGN_STYLE = Automatic;
				DEVELOPMENT_TEAM = 4SJ82Z4WX2;
				INFOPLIST_FILE = UsedGamesTests/Info.plist;
				IPHONEOS_DEPLOYMENT_TARGET = 14.0;
				LD_RUNPATH_SEARCH_PATHS = (
					"$(inherited)",
					"@executable_path/Frameworks",
					"@loader_path/Frameworks",
				);
				PRODUCT_BUNDLE_IDENTIFIER = brtyvz.UsedGamesTests;
				PRODUCT_NAME = "$(TARGET_NAME)";
				SWIFT_VERSION = 5.0;
				TARGETED_DEVICE_FAMILY = "1,2";
				TEST_HOST = "$(BUILT_PRODUCTS_DIR)/UsedGames.app/UsedGames";
			};
			name = Release;
		};
		5BA4F4FA2725E037004A893B /* Debug */ = {
			isa = XCBuildConfiguration;
			buildSettings = {
				ALWAYS_EMBED_SWIFT_STANDARD_LIBRARIES = YES;
				CODE_SIGN_STYLE = Automatic;
				DEVELOPMENT_TEAM = 4SJ82Z4WX2;
				INFOPLIST_FILE = UsedGamesUITests/Info.plist;
				LD_RUNPATH_SEARCH_PATHS = (
					"$(inherited)",
					"@executable_path/Frameworks",
					"@loader_path/Frameworks",
				);
				PRODUCT_BUNDLE_IDENTIFIER = brtyvz.UsedGamesUITests;
				PRODUCT_NAME = "$(TARGET_NAME)";
				SWIFT_VERSION = 5.0;
				TARGETED_DEVICE_FAMILY = "1,2";
				TEST_TARGET_NAME = UsedGames;
			};
			name = Debug;
		};
		5BA4F4FB2725E037004A893B /* Release */ = {
			isa = XCBuildConfiguration;
			buildSettings = {
				ALWAYS_EMBED_SWIFT_STANDARD_LIBRARIES = YES;
				CODE_SIGN_STYLE = Automatic;
				DEVELOPMENT_TEAM = 4SJ82Z4WX2;
				INFOPLIST_FILE = UsedGamesUITests/Info.plist;
				LD_RUNPATH_SEARCH_PATHS = (
					"$(inherited)",
					"@executable_path/Frameworks",
					"@loader_path/Frameworks",
				);
				PRODUCT_BUNDLE_IDENTIFIER = brtyvz.UsedGamesUITests;
				PRODUCT_NAME = "$(TARGET_NAME)";
				SWIFT_VERSION = 5.0;
				TARGETED_DEVICE_FAMILY = "1,2";
				TEST_TARGET_NAME = UsedGames;
			};
			name = Release;
		};
/* End XCBuildConfiguration section */

/* Begin XCConfigurationList section */
		5BA4F4C92725E035004A893B /* Build configuration list for PBXProject "UsedGames" */ = {
			isa = XCConfigurationList;
			buildConfigurations = (
				5BA4F4F12725E037004A893B /* Debug */,
				5BA4F4F22725E037004A893B /* Release */,
			);
			defaultConfigurationIsVisible = 0;
			defaultConfigurationName = Release;
		};
		5BA4F4F32725E037004A893B /* Build configuration list for PBXNativeTarget "UsedGames" */ = {
			isa = XCConfigurationList;
			buildConfigurations = (
				5BA4F4F42725E037004A893B /* Debug */,
				5BA4F4F52725E037004A893B /* Release */,
			);
			defaultConfigurationIsVisible = 0;
			defaultConfigurationName = Release;
		};
		5BA4F4F62725E037004A893B /* Build configuration list for PBXNativeTarget "UsedGamesTests" */ = {
			isa = XCConfigurationList;
			buildConfigurations = (
				5BA4F4F72725E037004A893B /* Debug */,
				5BA4F4F82725E037004A893B /* Release */,
			);
			defaultConfigurationIsVisible = 0;
			defaultConfigurationName = Release;
		};
		5BA4F4F92725E037004A893B /* Build configuration list for PBXNativeTarget "UsedGamesUITests" */ = {
			isa = XCConfigurationList;
			buildConfigurations = (
				5BA4F4FA2725E037004A893B /* Debug */,
				5BA4F4FB2725E037004A893B /* Release */,
			);
			defaultConfigurationIsVisible = 0;
			defaultConfigurationName = Release;
		};
/* End XCConfigurationList section */
	};
	rootObject = 5BA4F4C62725E035004A893B /* Project object */;
}
